
Microsoft Visual Studio Solution File, Format Version 12.00
# Visual Studio Version 17
VisualStudioVersion = 17.14.36717.8 d17.14
MinimumVisualStudioVersion = 10.0.40219.1
Project("{FAE04EC0-301F-11D3-BF4B-00C04F79EFBC}") = "Autosquelch", "Autosquelch\Autosquelch.csproj", "{6801A5CC-18CE-403C-9B54-91DB8859F26D}"
EndProject
Global
	GlobalSection(SolutionConfigurationPlatforms) = preSolution
		Debug|Any CPU = Debug|Any CPU
		Release|Any CPU = Release|Any CPU
	EndGlobalSection
	GlobalSection(ProjectConfigurationPlatforms) = postSolution
		{6801A5CC-18CE-403C-9B54-91DB8859F26D}.Debug|Any CPU.ActiveCfg = Debug|Any CPU
		{6801A5CC-18CE-403C-9B54-91DB8859F26D}.Debug|Any CPU.Build.0 = Debug|Any CPU
		{6801A5CC-18CE-403C-9B54-91DB8859F26D}.Release|Any CPU.ActiveCfg = Release|Any CPU
		{6801A5CC-18CE-403C-9B54-91DB8859F26D}.Release|Any CPU.Build.0 = Release|Any CPU
	EndGlobalSection
	GlobalSection(SolutionProperties) = preSolution
		HideSolutionNode = FALSE
	EndGlobalSection
	GlobalSection(ExtensibilityGlobals) = postSolution
		SolutionGuid = {2B80F21F-4FEB-4413-BF20-BFE3AC554E08}
	EndGlobalSection
EndGlobal
